github.com/Motmedel/utils_go v0.0.203 h1:GDLWkz7cAS4iYenexQqFElR5A79Q7P7rR1nH37PaRTw=
github.com/Motmedel/utils_go v0.0.203/go.mod h1:kKm8jM7GA8M7ICIImi5etOMixRgQfnStBPjEoCMTgbg=
golang.org/x/crypto v0.33.0 h1:IOBPskki6Lysi0lo9qQvbxiQ+FvsCC/YWOecCHAixus=
golang.org/x/crypto v0.33.0/go.mod h1:bVdXmD7IV/4GdElGPozy6U7lWdRXA4qyRVGJV57uQ5M=
